
Microsoft Visual Studio Solution File, Format Version 12.00
# Visual Studio Version 17
VisualStudioVersion = 17.3.32929.385
MinimumVisualStudioVersion = 10.0.40219.1
Project("{9A19103F-16F7-4668-BE54-9A1E7A4F7556}") = "OpenIot.BoardSetup", "OpenIot.BoardSetup\OpenIot.BoardSetup.csproj", "{A277AFD9-3F2D-439E-8654-61BA4504C021}"
EndProject
Global
	GlobalSection(SolutionConfigurationPlatforms) = preSolution
		Debug|Any CPU = Debug|Any CPU
		Release|Any CPU = Release|Any CPU
	EndGlobalSection
	GlobalSection(ProjectConfigurationPlatforms) = postSolution
		{A277AFD9-3F2D-439E-8654-61BA4504C021}.Debug|Any CPU.ActiveCfg = Debug|Any CPU
		{A277AFD9-3F2D-439E-8654-61BA4504C021}.Debug|Any CPU.Build.0 = Debug|Any CPU
		{A277AFD9-3F2D-439E-8654-61BA4504C021}.Release|Any CPU.ActiveCfg = Release|Any CPU
		{A277AFD9-3F2D-439E-8654-61BA4504C021}.Release|Any CPU.Build.0 = Release|Any CPU
	EndGlobalSection
	GlobalSection(SolutionProperties) = preSolution
		HideSolutionNode = FALSE
	EndGlobalSection
	GlobalSection(ExtensibilityGlobals) = postSolution
		SolutionGuid = {D8AFB97C-54B9-4DF7-807E-0F90D3A9D281}
	EndGlobalSection
EndGlobal
